// !$*UTF8*$!
{
	archiveVersion = 1;
	classes = {
	};
	objectVersion = 46;
	objects = {

/* Begin PBXBuildFile section */
		181F22CC1BCACA3100BD77A8 /* AppDelegate.swift in Sources */ = {isa = PBXBuildFile; fileRef = 181F22CB1BCACA3100BD77A8 /* AppDelegate.swift */; };
		181F22CE1BCACA3100BD77A8 /* ViewController.swift in Sources */ = {isa = PBXBuildFile; fileRef = 181F22CD1BCACA3100BD77A8 /* ViewController.swift */; };
		181F22D11BCACA3100BD77A8 /* Main.storyboard in Resources */ = {isa = PBXBuildFile; fileRef = 181F22CF1BCACA3100BD77A8 /* Main.storyboard */; };
		181F22D31BCACA3100BD77A8 /* Assets.xcassets in Resources */ = {isa = PBXBuildFile; fileRef = 181F22D21BCACA3100BD77A8 /* Assets.xcassets */; };
		181F22D61BCACA3100BD77A8 /* LaunchScreen.storyboard in Resources */ = {isa = PBXBuildFile; fileRef = 181F22D41BCACA3100BD77A8 /* LaunchScreen.storyboard */; };
/* End PBXBuildFile section */

/* Begin PBXFileReference section */
		181F22C81BCACA3100BD77A8 /* FormExample.app */ = {isa = PBXFileReference; explicitFileType = wrapper.application; includeInIndex = 0; path = FormExample.app; sourceTree = BUILT_PRODUCTS_DIR; };
		181F22CB1BCACA3100BD77A8 /* AppDelegate.swift */ = {isa = PBXFileReference; lastKnownFileType = sourcecode.swift; path = AppDelegate.swift; sourceTree = "<group>"; };
		181F22CD1BCACA3100BD77A8 /* ViewController.swift */ = {isa = PBXFileReference; lastKnownFileType = sourcecode.swift; path = ViewController.swift; sourceTree = "<group>"; };
		181F22D01BCACA3100BD77A8 /* Base */ = {isa = PBXFileReference; lastKnownFileType = file.storyboard; name = Base; path = Base.lproj/Main.storyboard; sourceTree = "<group>"; };
		181F22D21BCACA3100BD77A8 /* Assets.xcassets */ = {isa = PBXFileReference; lastKnownFileType = folder.assetcatalog; path = Assets.xcassets; sourceTree = "<group>"; };
		181F22D51BCACA3100BD77A8 /* Base */ = {isa = PBXFileReference; lastKnownFileType = file.storyboard; name = Base; path = Base.lproj/LaunchScreen.storyboard; sourceTree = "<group>"; };
		181F22D71BCACA3100BD77A8 /* Info.plist */ = {isa = PBXFileReference; lastKnownFileType = text.plist.xml; path = Info.plist; sourceTree = "<group>"; };
/* End PBXFileReference section */

/* Begin PBXFrameworksBuildPhase section */
		181F22C51BCACA3100BD77A8 /* Frameworks */ = {
			isa = PBXFrameworksBuildPhase;
			buildActionMask = 2147483647;
			files = (
			);
			runOnlyForDeploymentPostprocessing = 0;
		};
/* End PBXFrameworksBuildPhase section */

/* Begin PBXGroup section */
		181F22BF1BCACA3100BD77A8 = {
			isa = PBXGroup;
			children = (
				181F22CA1BCACA3100BD77A8 /* FormExample */,
				181F22C91BCACA3100BD77A8 /* Products */,
			);
			sourceTree = "<group>";
		};
		181F22C91BCACA3100BD77A8 /* Products */ = {
			isa = PBXGroup;
			children = (
				181F22C81BCACA3100BD77A8 /* FormExample.app */,
			);
			name = Products;
			sourceTree = "<group>";
		};
		181F22CA1BCACA3100BD77A8 /* FormExample */ = {
			isa = PBXGroup;
			children = (
				181F22CB1BCACA3100BD77A8 /* AppDelegate.swift */,
				181F22CD1BCACA3100BD77A8 /* ViewController.swift */,
				181F22CF1BCACA3100BD77A8 /* Main.storyboard */,
				181F22D21BCACA3100BD77A8 /* Assets.xcassets */,
				181F22D41BCACA3100BD77A8 /* LaunchScreen.storyboard */,
				181F22D71BCACA3100BD77A8 /* Info.plist */,
			);
			path = FormExample;
			sourceTree = "<group>";
		};
/* End PBXGroup section */

/* Begin PBXNativeTarget section */
		181F22C71BCACA3100BD77A8 /* FormExample */ = {
			isa = PBXNativeTarget;
			buildConfigurationList = 181F22DA1BCACA3100BD77A8 /* Build configuration list for PBXNativeTarget "FormExample" */;
			buildPhases = (
				181F22C41BCACA3100BD77A8 /* Sources */,
				181F22C51BCACA3100BD77A8 /* Frameworks */,
				181F22C61BCACA3100BD77A8 /* Resources */,
			);
			buildRules = (
			);
			dependencies = (
			);
			name = FormExample;
			productName = FormExample;
			productReference = 181F22C81BCACA3100BD77A8 /* FormExample.app */;
			productType = "com.apple.product-type.application";
		};
/* End PBXNativeTarget section */

/* Begin PBXProject section */
		181F22C01BCACA3100BD77A8 /* Project object */ = {
			isa = PBXProject;
			attributes = {
				LastUpgradeCheck = 0710;
				ORGANIZATIONNAME = "SANKARA TELUKUTLA";
				TargetAttributes = {
					181F22C71BCACA3100BD77A8 = {
						CreatedOnToolsVersion = 7.1;
					};
				};
			};
			buildConfigurationList = 181F22C31BCACA3100BD77A8 /* Build configuration list for PBXProject "FormExample" */;
			compatibilityVersion = "Xcode 3.2";
			developmentRegion = English;
			hasScannedForEncodings = 0;
			knownRegions = (
				en,
				Base,
			);
			mainGroup = 181F22BF1BCACA3100BD77A8;
			productRefGroup = 181F22C91BCACA3100BD77A8 /* Products */;
			projectDirPath = "";
			projectRoot = "";
			targets = (
				181F22C71BCACA3100BD77A8 /* FormExample */,
			);
		};
/* End PBXProject section */

/* Begin PBXResourcesBuildPhase section */
		181F22C61BCACA3100BD77A8 /* Resources */ = {
			isa = PBXResourcesBuildPhase;
			buildActionMask = 2147483647;
			files = (
				181F22D61BCACA3100BD77A8 /* LaunchScreen.storyboard in Resources */,
				181F22D31BCACA3100BD77A8 /* Assets.xcassets in Resources */,
				181F22D11BCACA3100BD77A8 /* Main.storyboard in Resources */,
			);
			runOnlyForDeploymentPostprocessing = 0;
		};
/* End PBXResourcesBuildPhase section */

/* Begin PBXSourcesBuildPhase section */
		181F22C41BCACA3100BD77A8 /* Sources */ = {
			isa = PBXSourcesBuildPhase;
			buildActionMask = 2147483647;
			files = (
				181F22CE1BCACA3100BD77A8 /* ViewController.swift in Sources */,
				181F22CC1BCACA3100BD77A8 /* AppDelegate.swift in Sources */,
			);
			runOnlyForDeploymentPostprocessing = 0;
		};
/* End PBXSourcesBuildPhase section */

/* Begin PBXVariantGroup section */
		181F22CF1BCACA3100BD77A8 /* Main.storyboard */ = {
			isa = PBXVariantGroup;
			children = (
				181F22D01BCACA3100BD77A8 /* Base */,
			);
			name = Main.storyboard;
			sourceTree = "<group>";
		};
		181F22D41BCACA3100BD77A8 /* LaunchScreen.storyboard */ = {
			isa = PBXVariantGroup;
			children = (
				181F22D51BCACA3100BD77A8 /* Base */,
			);
			name = LaunchScreen.storyboard;
			sourceTree = "<group>";
		};
/* End PBXVariantGroup section */

/* Begin XCBuildConfiguration section */
		181F22D81BCACA3100BD77A8 /* Debug */ = {
			isa = XCBuildConfiguration;
			buildSettings = {
				ALWAYS_SEARCH_USER_PATHS = NO;
				CLANG_CXX_LANGUAGE_STANDARD = "gnu++0x";
				CLANG_CXX_LIBRARY = "libc++";
				CLANG_ENABLE_MODULES = YES;
				CLANG_ENABLE_OBJC_ARC = YES;
				CLANG_WARN_BOOL_CONVERSION = YES;
				CLANG_WARN_CONSTANT_CONVERSION = YES;
				CLANG_WARN_DIRECT_OBJC_ISA_USAGE = YES_ERROR;
				CLANG_WARN_EMPTY_BODY = YES;
				CLANG_WARN_ENUM_CONVERSION = YES;
				CLANG_WARN_INT_CONVERSION = YES;
				CLANG_WARN_OBJC_ROOT_CLASS = YES_ERROR;
				CLANG_WARN_UNREACHABLE_CODE = YES;
				CLANG_WARN__DUPLICATE_METHOD_MATCH = YES;
				"CODE_SIGN_IDENTITY[sdk=iphoneos*]" = "iPhone Developer";
				COPY_PHASE_STRIP = NO;
				DEBUG_INFORMATION_FORMAT = dwarf;
				ENABLE_STRICT_OBJC_MSGSEND = YES;
				ENABLE_TESTABILITY = YES;
				GCC_C_LANGUAGE_STANDARD = gnu99;
				GCC_DYNAMIC_NO_PIC = NO;
				GCC_NO_COMMON_BLOCKS = YES;
				GCC_OPTIMIZATION_LEVEL = 0;
				GCC_PREPROCESSOR_DEFINITIONS = (
					"DEBUG=1",
					"$(inherited)",
				);
				GCC_WARN_64_TO_32_BIT_CONVERSION = YES;
				GCC_WARN_ABOUT_RETURN_TYPE = YES_ERROR;
				GCC_WARN_UNDECLARED_SELECTOR = YES;
				GCC_WARN_UNINITIALIZED_AUTOS = YES_AGGRESSIVE;
				GCC_WARN_UNUSED_FUNCTION = YES;
				GCC_WARN_UNUSED_VARIABLE = YES;
				IPHONEOS_DEPLOYMENT_TARGET = 9.1;
				MTL_ENABLE_DEBUG_INFO = YES;
				ONLY_ACTIVE_ARCH = YES;
				SDKROOT = iphoneos;
				SWIFT_OPTIMIZATION_LEVEL = "-Onone";
			};
			name = Debug;
		};
		181F22D91BCACA3100BD77A8 /* Release */ = {
			isa = XCBuildConfiguration;
			buildSettings = {
				ALWAYS_SEARCH_USER_PATHS = NO;
				CLANG_CXX_LANGUAGE_STANDARD = "gnu++0x";
				CLANG_CXX_LIBRARY = "libc++";
				CLANG_ENABLE_MODULES = YES;
				CLANG_ENABLE_OBJC_ARC = YES;
				CLANG_WARN_BOOL_CONVERSION = YES;
				CLANG_WARN_CONSTANT_CONVERSION = YES;
				CLANG_WARN_DIRECT_OBJC_ISA_USAGE = YES_ERROR;
				CLANG_WARN_EMPTY_BODY = YES;
				CLANG_WARN_ENUM_CONVERSION = YES;
				CLANG_WARN_INT_CONVERSION = YES;
				CLANG_WARN_OBJC_ROOT_CLASS = YES_ERROR;
				CLANG_WARN_UNREACHABLE_CODE = YES;
				CLANG_WARN__DUPLICATE_METHOD_MATCH = YES;
				"CODE_SIGN_IDENTITY[sdk=iphoneos*]" = "iPhone Developer";
				COPY_PHASE_STRIP = NO;
				DEBUG_INFORMATION_FORMAT = "dwarf-with-dsym";
				ENABLE_NS_ASSERTIONS = NO;
				ENABLE_STRICT_OBJC_MSGSEND = YES;
				GCC_C_LANGUAGE_STANDARD = gnu99;
				GCC_NO_COMMON_BLOCKS = YES;
				GCC_WARN_64_TO_32_BIT_CONVERSION = YES;
				GCC_WARN_ABOUT_RETURN_TYPE = YES_ERROR;
				GCC_WARN_UNDECLARED_SELECTOR = YES;
				GCC_WARN_UNINITIALIZED_AUTOS = YES_AGGRESSIVE;
				GCC_WARN_UNUSED_FUNCTION = YES;
				GCC_WARN_UNUSED_VARIABLE = YES;
				IPHONEOS_DEPLOYMENT_TARGET = 9.1;
				MTL_ENABLE_DEBUG_INFO = NO;
				SDKROOT = iphoneos;
				VALIDATE_PRODUCT = YES;
			};
			name = Release;
		};
		181F22DB1BCACA3100BD77A8 /* Debug */ = {
			isa = XCBuildConfiguration;
			buildSettings = {
				ASSETCATALOG_COMPILER_APPICON_NAME = AppIcon;
				INFOPLIST_FILE = FormExample/Info.plist;
				LD_RUNPATH_SEARCH_PATHS = "$(inherited) @executable_path/Frameworks";
				PRODUCT_BUNDLE_IDENTIFIER = com.test.FormExample;
				PRODUCT_NAME = "$(TARGET_NAME)";
			};
			name = Debug;
		};
		181F22DC1BCACA3100BD77A8 /* Release */ = {
			isa = XCBuildConfiguration;
			buildSettings = {
				ASSETCATALOG_COMPILER_APPICON_NAME = AppIcon;
				INFOPLIST_FILE = FormExample/Info.plist;
				LD_RUNPATH_SEARCH_PATHS = "$(inherited) @executable_path/Frameworks";
				PRODUCT_BUNDLE_IDENTIFIER = com.test.FormExample;
				PRODUCT_NAME = "$(TARGET_NAME)";
			};
			name = Release;
		};
/* End XCBuildConfiguration section */

/* Begin XCConfigurationList section */
		181F22C31BCACA3100BD77A8 /* Build configuration list for PBXProject "FormExample" */ = {
			isa = XCConfigurationList;
			buildConfigurations = (
				181F22D81BCACA3100BD77A8 /* Debug */,
				181F22D91BCACA3100BD77A8 /* Release */,
			);
			defaultConfigurationIsVisible = 0;
			defaultConfigurationName = Release;
		};
		181F22DA1BCACA3100BD77A8 /* Build configuration list for PBXNativeTarget "FormExample" */ = {
			isa = XCConfigurationList;
			buildConfigurations = (
				181F22DB1BCACA3100BD77A8 /* Debug */,
				181F22DC1BCACA3100BD77A8 /* Release */,
			);
			defaultConfigurationIsVisible = 0;
		};
/* End XCConfigurationList section */
	};
	rootObject = 181F22C01BCACA3100BD77A8 /* Project object */;
}
